
Microsoft Visual Studio Solution File, Format Version 12.00
# Visual Studio 15
VisualStudioVersion = 15.0.26730.12
MinimumVisualStudioVersion = 10.0.40219.1
Project("{FAE04EC0-301F-11D3-BF4B-00C04F79EFBC}") = "AdminTLE.Web", "AdminTLE.Web\AdminTLE.Web.csproj", "{DC98F85B-ADC3-4354-8E1C-BCF1982CE00A}"
EndProject
Project("{FAE04EC0-301F-11D3-BF4B-00C04F79EFBC}") = "Dapper.Bll", "Dapper.Bll\Dapper.Bll.csproj", "{76E5C4D5-722F-4CBC-82EF-C5AA9C3C7A85}"
EndProject
Project("{FAE04EC0-301F-11D3-BF4B-00C04F79EFBC}") = "ConsoleApp", "ConsoleApp\ConsoleApp.csproj", "{5590311A-3D81-4D54-BF49-7BFBB3412444}"
EndProject
Global
	GlobalSection(SolutionConfigurationPlatforms) = preSolution
		Debug|Any CPU = Debug|Any CPU
		Release|Any CPU = Release|Any CPU
	EndGlobalSection
	GlobalSection(ProjectConfigurationPlatforms) = postSolution
		{DC98F85B-ADC3-4354-8E1C-BCF1982CE00A}.Debug|Any CPU.ActiveCfg = Debug|Any CPU
		{DC98F85B-ADC3-4354-8E1C-BCF1982CE00A}.Debug|Any CPU.Build.0 = Debug|Any CPU
		{DC98F85B-ADC3-4354-8E1C-BCF1982CE00A}.Release|Any CPU.ActiveCfg = Release|Any CPU
		{DC98F85B-ADC3-4354-8E1C-BCF1982CE00A}.Release|Any CPU.Build.0 = Release|Any CPU
		{76E5C4D5-722F-4CBC-82EF-C5AA9C3C7A85}.Debug|Any CPU.ActiveCfg = Debug|Any CPU
		{76E5C4D5-722F-4CBC-82EF-C5AA9C3C7A85}.Debug|Any CPU.Build.0 = Debug|Any CPU
		{76E5C4D5-722F-4CBC-82EF-C5AA9C3C7A85}.Release|Any CPU.ActiveCfg = Release|Any CPU
		{76E5C4D5-722F-4CBC-82EF-C5AA9C3C7A85}.Release|Any CPU.Build.0 = Release|Any CPU
		{5590311A-3D81-4D54-BF49-7BFBB3412444}.Debug|Any CPU.ActiveCfg = Debug|Any CPU
		{5590311A-3D81-4D54-BF49-7BFBB3412444}.Debug|Any CPU.Build.0 = Debug|Any CPU
		{5590311A-3D81-4D54-BF49-7BFBB3412444}.Release|Any CPU.ActiveCfg = Release|Any CPU
		{5590311A-3D81-4D54-BF49-7BFBB3412444}.Release|Any CPU.Build.0 = Release|Any CPU
	EndGlobalSection
	GlobalSection(SolutionProperties) = preSolution
		HideSolutionNode = FALSE
	EndGlobalSection
	GlobalSection(ExtensibilityGlobals) = postSolution
		SolutionGuid = {7B0A987E-9D63-433F-A981-E92B29BC78C9}
	EndGlobalSection
EndGlobal
